{
  "name": "cmsvotingapp",
  "version": "1.0.0",
  "lockfileVersion": 1,
  "requires": true,
  "dependencies": {
    "angular": {
      "version": "1.7.4",
      "resolved": "https://registry.npmjs.org/angular/-/angular-1.7.4.tgz",
      "integrity": "sha512-nYTWc9CpZjTY57l8EA1+DGpQNzI6HewQ34bfRYoGXBYysIoPYjfcgTGWC+Vl3AaeCnhAb3VTkysVESvCBpUIoA=="
    },
    "angular-datetime-inputs": {
      "version": "0.2.6",
      "resolved": "https://registry.npmjs.org/angular-datetime-inputs/-/angular-datetime-inputs-0.2.6.tgz",
      "integrity": "sha512-AC4bveUKi1IZhszw9Un6bxyCdxoKVbvI75u1r+jB3IB2i51/4HofRXkrwBdq5baQiFJtH0SBTY0bm/9p4jBWRw==",
      "requires": {
        "angular-scroll-events": "0.0.2"
      }
    },
    "angular-material-time-picker": {
      "version": "1.0.8",
      "resolved": "https://registry.npmjs.org/angular-material-time-picker/-/angular-material-time-picker-1.0.8.tgz",
      "integrity": "sha1-x1aVtoalduIAKW6ETjAquh8ky0o="
    },
    "angular-scroll-events": {
      "version": "0.0.2",
      "resolved": "https://registry.npmjs.org/angular-scroll-events/-/angular-scroll-events-0.0.2.tgz",
      "integrity": "sha512-g880XD16F92efMYfCyUpZb11M7HKEjfsiXSdD/zxFjqf+qFP1fpSjgRpPPjEgu9yut2mS6IKj0q87GRabe/QHw==",
      "requires": {
        "angular": "1.7.4"
      }
    },
    "angular-time-picker": {
      "version": "1.1.0",
      "resolved": "https://registry.npmjs.org/angular-time-picker/-/angular-time-picker-1.1.0.tgz",
      "integrity": "sha1-56FotKrG7pVzs1kfAof3pOQJCJo=",
      "dev": true
    },
    "angularjs-datepicker": {
      "version": "2.1.23",
      "resolved": "https://registry.npmjs.org/angularjs-datepicker/-/angularjs-datepicker-2.1.23.tgz",
      "integrity": "sha1-ZJq4viz3dpKw/IEuKp2xgCIcJOU="
    },
    "await-transaction-mined": {
      "version": "1.0.11",
      "resolved": "https://registry.npmjs.org/await-transaction-mined/-/await-transaction-mined-1.0.11.tgz",
      "integrity": "sha512-O5ZD9ACo84ukTrbwMelP6yKjF6RTBTjHpFso+6CjDH9BYIFFDiJRztD/DbwneyqlmxoR3ma5drYcm8E7I72fuA=="
    },
    "uniq": {
      "version": "1.0.1",
      "resolved": "https://registry.npmjs.org/uniq/-/uniq-1.0.1.tgz",
      "integrity": "sha1-sxxa6CVIRKOoKBVBzisEuGWnNP8="
    }
  }
}
