{
  "name": "cmsvotingapp",
  "version": "1.0.0",
  "lockfileVersion": 1,
  "requires": true,
  "dependencies": {
    "angularjs-datepicker": {
      "version": "2.1.23",
      "resolved": "https://registry.npmjs.org/angularjs-datepicker/-/angularjs-datepicker-2.1.23.tgz",
      "integrity": "sha1-ZJq4viz3dpKw/IEuKp2xgCIcJOU="
    },
    "await-transaction-mined": {
      "version": "1.0.11",
      "resolved": "https://registry.npmjs.org/await-transaction-mined/-/await-transaction-mined-1.0.11.tgz",
      "integrity": "sha512-O5ZD9ACo84ukTrbwMelP6yKjF6RTBTjHpFso+6CjDH9BYIFFDiJRztD/DbwneyqlmxoR3ma5drYcm8E7I72fuA=="
    },
    "uniq": {
      "version": "1.0.1",
      "resolved": "https://registry.npmjs.org/uniq/-/uniq-1.0.1.tgz",
      "integrity": "sha1-sxxa6CVIRKOoKBVBzisEuGWnNP8="
    }
  }
}
